
Microsoft Visual Studio Solution File, Format Version 12.00
# Visual Studio 15
VisualStudioVersion = 15.0.28307.1321
MinimumVisualStudioVersion = 10.0.40219.1
Project("{FAE04EC0-301F-11D3-BF4B-00C04F79EFBC}") = "PatientManagementSystem", "PatientManagementSystem\PatientManagementSystem.csproj", "{FD2D3E64-1ACC-4369-8CBB-327EA3D13302}"
EndProject
Global
	GlobalSection(SolutionConfigurationPlatforms) = preSolution
		Debug|Any CPU = Debug|Any CPU
		Release|Any CPU = Release|Any CPU
	EndGlobalSection
	GlobalSection(ProjectConfigurationPlatforms) = postSolution
		{FD2D3E64-1ACC-4369-8CBB-327EA3D13302}.Debug|Any CPU.ActiveCfg = Debug|Any CPU
		{FD2D3E64-1ACC-4369-8CBB-327EA3D13302}.Debug|Any CPU.Build.0 = Debug|Any CPU
		{FD2D3E64-1ACC-4369-8CBB-327EA3D13302}.Release|Any CPU.ActiveCfg = Release|Any CPU
		{FD2D3E64-1ACC-4369-8CBB-327EA3D13302}.Release|Any CPU.Build.0 = Release|Any CPU
	EndGlobalSection
	GlobalSection(SolutionProperties) = preSolution
		HideSolutionNode = FALSE
	EndGlobalSection
	GlobalSection(ExtensibilityGlobals) = postSolution
		SolutionGuid = {B5DF0577-A120-47CA-868C-D170CD69F64E}
	EndGlobalSection
EndGlobal
